lockfileVersion: '9.0'

settings:
  autoInstallPeers: true
  excludeLinksFromLockfile: false

importers:

  .:
    dependencies:
      '@electric-sql/pglite':
        specifier: ^0.4.0
        version: 0.4.6

packages:

  '@electric-sql/pglite@0.4.6':
    resolution: {integrity: sha512-qmlmfN8UyKCee35qkV0r/MBp+Znl8FjBz7OpoglNvww3GJpw0/DLP0o1ZymvLNmcD5DTLOQdzKPtF8Hd3mdl1w==}

snapshots:

  '@electric-sql/pglite@0.4.6': {}
